{
  "lockfile_version": "1",
  "packages": {
    "arrow-cpp@latest": {
      "last_modified": "2025-10-22T20:59:19Z",
      "resolved": "github:NixOS/nixpkgs/01b6809f7f9d1183a2b3e081f0a1e6f8f415cb09#arrow-cpp",
      "source": "devbox-search",
      "version": "20.0.0",
      "systems": {
        "aarch64-darwin": {
          "outputs": [
            {
              "name": "out",
              "path": "/nix/store/6mxpm858bwm96d5n8wzxmshy5ng3fj0i-arrow-cpp-20.0.0",
              "default": true
            }
          ],
          "store_path": "/nix/store/6mxpm858bwm96d5n8wzxmshy5ng3fj0i-arrow-cpp-20.0.0"
        },
        "aarch64-linux": {
          "outputs": [
            {
              "name": "out",
              "path": "/nix/store/fn1jfjx6hxb92rpjd312wy0zippnic1l-arrow-cpp-20.0.0",
              "default": true
            }
          ],
          "store_path": "/nix/store/fn1jfjx6hxb92rpjd312wy0zippnic1l-arrow-cpp-20.0.0"
        },
        "x86_64-darwin": {
          "outputs": [
            {
              "name": "out",
              "path": "/nix/store/a51dz3fkxn3srr5nqbgkr3qyzsl285c4-arrow-cpp-20.0.0",
              "default": true
            }
          ],
          "store_path": "/nix/store/a51dz3fkxn3srr5nqbgkr3qyzsl285c4-arrow-cpp-20.0.0"
        },
        "x86_64-linux": {
          "outputs": [
            {
              "name": "out",
              "path": "/nix/store/blx6xin5ljxknjdyncmcjw0jn1c43srj-arrow-cpp-20.0.0",
              "default": true
            }
          ],
          "store_path": "/nix/store/blx6xin5ljxknjdyncmcjw0jn1c43srj-arrow-cpp-20.0.0"
        }
      }
    },
    "clang-tools@latest": {
      "last_modified": "2025-10-22T20:59:19Z",
      "resolved": "github:NixOS/nixpkgs/01b6809f7f9d1183a2b3e081f0a1e6f8f415cb09#clang-tools",
      "source": "devbox-search",
      "version": "21.1.2",
      "systems": {
        "aarch64-darwin": {
          "outputs": [
            {
              "name": "out",
              "path": "/nix/store/5fcvmwa7j5d7fc4sfiswfq3jd41dz3bn-clang-tools-21.1.2",
              "default": true
            }
          ],
          "store_path": "/nix/store/5fcvmwa7j5d7fc4sfiswfq3jd41dz3bn-clang-tools-21.1.2"
        },
        "aarch64-linux": {
          "outputs": [
            {
              "name": "out",
              "path": "/nix/store/vv9scs34xn4dig0r3bgpgckcdpnak1z5-clang-tools-21.1.2",
              "default": true
            }
          ],
          "store_path": "/nix/store/vv9scs34xn4dig0r3bgpgckcdpnak1z5-clang-tools-21.1.2"
        },
        "x86_64-darwin": {
          "outputs": [
            {
              "name": "out",
              "path": "/nix/store/q6mg372czqy68ayvq1w3aina9vq1b93d-clang-tools-21.1.2",
              "default": true
            }
          ],
          "store_path": "/nix/store/q6mg372czqy68ayvq1w3aina9vq1b93d-clang-tools-21.1.2"
        },
        "x86_64-linux": {
          "outputs": [
            {
              "name": "out",
              "path": "/nix/store/7l6wv859y0clr9xaql2v5ryw53ds8wzq-clang-tools-21.1.2",
              "default": true
            }
          ],
          "store_path": "/nix/store/7l6wv859y0clr9xaql2v5ryw53ds8wzq-clang-tools-21.1.2"
        }
      }
    },
    "clang@latest": {
      "last_modified": "2025-10-22T20:59:19Z",
      "resolved": "github:NixOS/nixpkgs/01b6809f7f9d1183a2b3e081f0a1e6f8f415cb09#clang",
      "source": "devbox-search",
      "version": "21.1.2",
      "systems": {
        "aarch64-darwin": {
          "outputs": [
            {
              "name": "out",
              "path": "/nix/store/xbi504848gn164lwzv2x2rclwvjxw7w1-clang-wrapper-21.1.2",
              "default": true
            }
          ],
          "store_path": "/nix/store/xbi504848gn164lwzv2x2rclwvjxw7w1-clang-wrapper-21.1.2"
        },
        "aarch64-linux": {
          "outputs": [
            {
              "name": "out",
              "path": "/nix/store/9vygb66ix1yzlk9c7fa5lb0zlvf556by-clang-wrapper-21.1.2",
              "default": true
            }
          ],
          "store_path": "/nix/store/9vygb66ix1yzlk9c7fa5lb0zlvf556by-clang-wrapper-21.1.2"
        },
        "x86_64-darwin": {
          "outputs": [
            {
              "name": "out",
              "path": "/nix/store/kihcn1ppp1bi8gv7hncwkaalyjx3lzdz-clang-wrapper-21.1.2",
              "default": true
            }
          ],
          "store_path": "/nix/store/kihcn1ppp1bi8gv7hncwkaalyjx3lzdz-clang-wrapper-21.1.2"
        },
        "x86_64-linux": {
          "outputs": [
            {
              "name": "out",
              "path": "/nix/store/al7l1c2nwk9c9cicp3l7jfjxi1vilp93-clang-wrapper-21.1.2",
              "default": true
            }
          ],
          "store_path": "/nix/store/al7l1c2nwk9c9cicp3l7jfjxi1vilp93-clang-wrapper-21.1.2"
        }
      }
    },
    "cmake@latest": {
      "last_modified": "2025-10-22T20:59:19Z",
      "resolved": "github:NixOS/nixpkgs/01b6809f7f9d1183a2b3e081f0a1e6f8f415cb09#cmake",
      "source": "devbox-search",
      "version": "4.1.2",
      "systems": {
        "aarch64-darwin": {
          "outputs": [
            {
              "name": "out",
              "path": "/nix/store/g1ck4iddb7q6f5qm8pa3qqss6dp3gjlm-cmake-4.1.2",
              "default": true
            }
          ],
          "store_path": "/nix/store/g1ck4iddb7q6f5qm8pa3qqss6dp3gjlm-cmake-4.1.2"
        },
        "aarch64-linux": {
          "outputs": [
            {
              "name": "out",
              "path": "/nix/store/wwxllnq886443diryrcxkca6b6cmn7f7-cmake-4.1.2",
              "default": true
            },
            {
              "name": "debug",
              "path": "/nix/store/7h913kgsf5mqba39r2a2npbd9fwcs5q3-cmake-4.1.2-debug"
            }
          ],
          "store_path": "/nix/store/wwxllnq886443diryrcxkca6b6cmn7f7-cmake-4.1.2"
        },
        "x86_64-darwin": {
          "outputs": [
            {
              "name": "out",
              "path": "/nix/store/06i0k56x3asszhsgwjrc1rngq0h163mx-cmake-4.1.2",
              "default": true
            }
          ],
          "store_path": "/nix/store/06i0k56x3asszhsgwjrc1rngq0h163mx-cmake-4.1.2"
        },
        "x86_64-linux": {
          "outputs": [
            {
              "name": "out",
              "path": "/nix/store/5bn5f4ivqf4xn19khh4kcg4ngnjs6spg-cmake-4.1.2",
              "default": true
            },
            {
              "name": "debug",
              "path": "/nix/store/6xgz1k0maw0pf5jmnrpfrir9zzk9bxmj-cmake-4.1.2-debug"
            }
          ],
          "store_path": "/nix/store/5bn5f4ivqf4xn19khh4kcg4ngnjs6spg-cmake-4.1.2"
        }
      }
    },
    "github:NixOS/nixpkgs/nixpkgs-unstable": {
      "last_modified": "2025-11-04T19:54:02Z",
      "resolved": "github:NixOS/nixpkgs/12c1f0253aa9a54fdf8ec8aecaafada64a111e24?lastModified=1762286042&narHash=sha256-OD5HsZ%2BsN7VvNucbrjiCz7CHF5zf9gP51YVJvPwYIH8%3D"
    },
    "rerun@latest": {
      "last_modified": "2025-10-28T12:57:11Z",
      "resolved": "github:NixOS/nixpkgs/e99366c665bdd53b7b500ccdc5226675cfc51f45#rerun",
      "source": "devbox-search",
      "version": "0.26.2",
      "systems": {
        "aarch64-darwin": {
          "outputs": [
            {
              "name": "out",
              "path": "/nix/store/6apy1lsb9svixcskg0jkbkhl5mdn6lrl-rerun-0.26.2",
              "default": true
            }
          ],
          "store_path": "/nix/store/6apy1lsb9svixcskg0jkbkhl5mdn6lrl-rerun-0.26.2"
        },
        "aarch64-linux": {
          "outputs": [
            {
              "name": "out",
              "path": "/nix/store/4b5gsr87snifi3sz1vz13af32rfzdy0k-rerun-0.26.2",
              "default": true
            }
          ],
          "store_path": "/nix/store/4b5gsr87snifi3sz1vz13af32rfzdy0k-rerun-0.26.2"
        },
        "x86_64-darwin": {
          "outputs": [
            {
              "name": "out",
              "path": "/nix/store/ya2hn5m2zawkl9dwhmsicwmbmp9p03mr-rerun-0.26.2",
              "default": true
            }
          ],
          "store_path": "/nix/store/ya2hn5m2zawkl9dwhmsicwmbmp9p03mr-rerun-0.26.2"
        },
        "x86_64-linux": {
          "outputs": [
            {
              "name": "out",
              "path": "/nix/store/1nhci159mdg2kzg53ifawjaj8vw162rc-rerun-0.26.2",
              "default": true
            }
          ],
          "store_path": "/nix/store/1nhci159mdg2kzg53ifawjaj8vw162rc-rerun-0.26.2"
        }
      }
    },
    "stdenv@latest": {
      "last_modified": "2023-02-24T09:01:09Z",
      "resolved": "github:NixOS/nixpkgs/7d0ed7f2e5aea07ab22ccb338d27fbe347ed2f11#stdenv",
      "source": "devbox-search",
      "systems": {
        "x86_64-linux": {
          "outputs": [
            {
              "path": "/nix/store/b09v23lirgvci3wzszh22mbkdfj0h0yq-stdenv-linux",
              "default": true
            }
          ]
        }
      }
    },
    "xmake@latest": {
      "last_modified": "2025-12-22T13:40:18Z",
      "resolved": "github:NixOS/nixpkgs/3a7affa77a5a539afa1c7859e2c31abdb1aeadf3#xmake",
      "source": "devbox-search",
      "version": "3.0.5",
      "systems": {
        "aarch64-darwin": {
          "outputs": [
            {
              "name": "out",
              "path": "/nix/store/9qnfxj9g17mr4897hcj21zv3nq0gz23d-xmake-3.0.5",
              "default": true
            }
          ],
          "store_path": "/nix/store/9qnfxj9g17mr4897hcj21zv3nq0gz23d-xmake-3.0.5"
        },
        "aarch64-linux": {
          "outputs": [
            {
              "name": "out",
              "path": "/nix/store/a7jgrvz0irkp014r6h854ls11kbl3hhf-xmake-3.0.5",
              "default": true
            }
          ],
          "store_path": "/nix/store/a7jgrvz0irkp014r6h854ls11kbl3hhf-xmake-3.0.5"
        },
        "x86_64-darwin": {
          "outputs": [
            {
              "name": "out",
              "path": "/nix/store/n1ac38xb68rh022zgd7gkrlsyl3zvkm3-xmake-3.0.5",
              "default": true
            }
          ],
          "store_path": "/nix/store/n1ac38xb68rh022zgd7gkrlsyl3zvkm3-xmake-3.0.5"
        },
        "x86_64-linux": {
          "outputs": [
            {
              "name": "out",
              "path": "/nix/store/l0wrgnzlrynikjvhd1vy0h77jsc0lzac-xmake-3.0.5",
              "default": true
            }
          ],
          "store_path": "/nix/store/l0wrgnzlrynikjvhd1vy0h77jsc0lzac-xmake-3.0.5"
        }
      }
    },
    "zig@latest": {
      "last_modified": "2025-11-23T21:50:36Z",
      "resolved": "github:NixOS/nixpkgs/ee09932cedcef15aaf476f9343d1dea2cb77e261#zig",
      "source": "devbox-search",
      "version": "0.15.2",
      "systems": {
        "aarch64-darwin": {
          "outputs": [
            {
              "name": "out",
              "path": "/nix/store/h5zqw1lr8i0pwqpkkl3lbid06f9dprw0-zig-0.15.2",
              "default": true
            },
            {
              "name": "doc",
              "path": "/nix/store/pkr2y19zac7gls2mr5fjwkxr9kbj632h-zig-0.15.2-doc"
            }
          ],
          "store_path": "/nix/store/h5zqw1lr8i0pwqpkkl3lbid06f9dprw0-zig-0.15.2"
        },
        "aarch64-linux": {
          "outputs": [
            {
              "name": "out",
              "path": "/nix/store/qn6da3g7qdwdxd2csdm1aj25zilkcl30-zig-0.15.2",
              "default": true
            },
            {
              "name": "doc",
              "path": "/nix/store/j22h1s5gc972wvsqzqj0m5vzrcqkd676-zig-0.15.2-doc"
            }
          ],
          "store_path": "/nix/store/qn6da3g7qdwdxd2csdm1aj25zilkcl30-zig-0.15.2"
        },
        "x86_64-darwin": {
          "outputs": [
            {
              "name": "out",
              "path": "/nix/store/fqhwfl5pyh3359naslzswsaw9ng51gly-zig-0.15.2",
              "default": true
            },
            {
              "name": "doc",
              "path": "/nix/store/jipcmr5blz3nxwncl1lxy5cvsfiq8w40-zig-0.15.2-doc"
            }
          ],
          "store_path": "/nix/store/fqhwfl5pyh3359naslzswsaw9ng51gly-zig-0.15.2"
        },
        "x86_64-linux": {
          "outputs": [
            {
              "name": "out",
              "path": "/nix/store/iyv5lnq9cwlsixg357zv8zcp4pv2q7ml-zig-0.15.2",
              "default": true
            },
            {
              "name": "doc",
              "path": "/nix/store/vssw4zdhhvjlgmjkxwws8q8vz7fyxd92-zig-0.15.2-doc"
            }
          ],
          "store_path": "/nix/store/iyv5lnq9cwlsixg357zv8zcp4pv2q7ml-zig-0.15.2"
        }
      }
    }
  }
}
