{
  "lockfile_version": "1",
  "packages": {
    "arrow-cpp@latest": {
      "last_modified": "2025-10-22T20:59:19Z",
      "resolved": "github:NixOS/nixpkgs/01b6809f7f9d1183a2b3e081f0a1e6f8f415cb09#arrow-cpp",
      "source": "devbox-search",
      "version": "20.0.0",
      "systems": {
        "aarch64-darwin": {
          "outputs": [
            {
              "name": "out",
              "path": "/nix/store/6mxpm858bwm96d5n8wzxmshy5ng3fj0i-arrow-cpp-20.0.0",
              "default": true
            }
          ],
          "store_path": "/nix/store/6mxpm858bwm96d5n8wzxmshy5ng3fj0i-arrow-cpp-20.0.0"
        },
        "aarch64-linux": {
          "outputs": [
            {
              "name": "out",
              "path": "/nix/store/fn1jfjx6hxb92rpjd312wy0zippnic1l-arrow-cpp-20.0.0",
              "default": true
            }
          ],
          "store_path": "/nix/store/fn1jfjx6hxb92rpjd312wy0zippnic1l-arrow-cpp-20.0.0"
        },
        "x86_64-darwin": {
          "outputs": [
            {
              "name": "out",
              "path": "/nix/store/a51dz3fkxn3srr5nqbgkr3qyzsl285c4-arrow-cpp-20.0.0",
              "default": true
            }
          ],
          "store_path": "/nix/store/a51dz3fkxn3srr5nqbgkr3qyzsl285c4-arrow-cpp-20.0.0"
        },
        "x86_64-linux": {
          "outputs": [
            {
              "name": "out",
              "path": "/nix/store/blx6xin5ljxknjdyncmcjw0jn1c43srj-arrow-cpp-20.0.0",
              "default": true
            }
          ],
          "store_path": "/nix/store/blx6xin5ljxknjdyncmcjw0jn1c43srj-arrow-cpp-20.0.0"
        }
      }
    },
    "boost.dev": {
      "resolved": "github:NixOS/nixpkgs/ceb24d94c6feaa4e8737a8e2bd3cf71c3a7eaaa0?narHash=sha256-lIlUKVGCGsh0Q2EA7%2F6xRtKUZjaQ%2Fur8uUyY%2BMynHXQ%3D#boost.dev",
      "source": "nixpkg",
      "systems": {
        "x86_64-linux": {
          "outputs": [
            {
              "name": "dev",
              "path": "/nix/store/20cfczi4blmhdrqhgq6y0rk1v30p4gqj-boost-1.87.0-dev",
              "default": true
            }
          ]
        }
      }
    },
    "boost@latest": {
      "last_modified": "2025-10-22T20:59:19Z",
      "resolved": "github:NixOS/nixpkgs/01b6809f7f9d1183a2b3e081f0a1e6f8f415cb09#boost",
      "source": "devbox-search",
      "version": "1.87.0",
      "systems": {
        "aarch64-darwin": {
          "outputs": [
            {
              "name": "out",
              "path": "/nix/store/q0d1m8iyzza3imdn3rn3lfn4sij3sqrc-boost-1.87.0",
              "default": true
            },
            {
              "name": "dev",
              "path": "/nix/store/hn2ph6rpxfqkc46xjvlvmiypmznn748f-boost-1.87.0-dev"
            }
          ],
          "store_path": "/nix/store/q0d1m8iyzza3imdn3rn3lfn4sij3sqrc-boost-1.87.0"
        },
        "aarch64-linux": {
          "outputs": [
            {
              "name": "out",
              "path": "/nix/store/25f15cqawq22m6nn8qw4xbk81aq28vwp-boost-1.87.0",
              "default": true
            },
            {
              "name": "dev",
              "path": "/nix/store/2rc54hy3394ls1mn0672igp7gf7rwqh6-boost-1.87.0-dev"
            }
          ],
          "store_path": "/nix/store/25f15cqawq22m6nn8qw4xbk81aq28vwp-boost-1.87.0"
        },
        "x86_64-darwin": {
          "outputs": [
            {
              "name": "out",
              "path": "/nix/store/7chcnmhvhqfxk94x9mj1z4pdwcb1krah-boost-1.87.0",
              "default": true
            },
            {
              "name": "dev",
              "path": "/nix/store/4jjf3na8crpmn0248nsd03780fzjg3ml-boost-1.87.0-dev"
            }
          ],
          "store_path": "/nix/store/7chcnmhvhqfxk94x9mj1z4pdwcb1krah-boost-1.87.0"
        },
        "x86_64-linux": {
          "outputs": [
            {
              "name": "out",
              "path": "/nix/store/60r20pmax67dfba9aagjbjygsdf0vc8d-boost-1.87.0",
              "default": true
            },
            {
              "name": "dev",
              "path": "/nix/store/gwsb412i8x720vhadyx9h29z28c63c4p-boost-1.87.0-dev"
            }
          ],
          "store_path": "/nix/store/60r20pmax67dfba9aagjbjygsdf0vc8d-boost-1.87.0"
        }
      }
    },
    "clang-tools@latest": {
      "last_modified": "2025-10-22T20:59:19Z",
      "resolved": "github:NixOS/nixpkgs/01b6809f7f9d1183a2b3e081f0a1e6f8f415cb09#clang-tools",
      "source": "devbox-search",
      "version": "21.1.2",
      "systems": {
        "aarch64-darwin": {
          "outputs": [
            {
              "name": "out",
              "path": "/nix/store/5fcvmwa7j5d7fc4sfiswfq3jd41dz3bn-clang-tools-21.1.2",
              "default": true
            }
          ],
          "store_path": "/nix/store/5fcvmwa7j5d7fc4sfiswfq3jd41dz3bn-clang-tools-21.1.2"
        },
        "aarch64-linux": {
          "outputs": [
            {
              "name": "out",
              "path": "/nix/store/vv9scs34xn4dig0r3bgpgckcdpnak1z5-clang-tools-21.1.2",
              "default": true
            }
          ],
          "store_path": "/nix/store/vv9scs34xn4dig0r3bgpgckcdpnak1z5-clang-tools-21.1.2"
        },
        "x86_64-darwin": {
          "outputs": [
            {
              "name": "out",
              "path": "/nix/store/q6mg372czqy68ayvq1w3aina9vq1b93d-clang-tools-21.1.2",
              "default": true
            }
          ],
          "store_path": "/nix/store/q6mg372czqy68ayvq1w3aina9vq1b93d-clang-tools-21.1.2"
        },
        "x86_64-linux": {
          "outputs": [
            {
              "name": "out",
              "path": "/nix/store/7l6wv859y0clr9xaql2v5ryw53ds8wzq-clang-tools-21.1.2",
              "default": true
            }
          ],
          "store_path": "/nix/store/7l6wv859y0clr9xaql2v5ryw53ds8wzq-clang-tools-21.1.2"
        }
      }
    },
    "clang@latest": {
      "last_modified": "2025-10-22T20:59:19Z",
      "resolved": "github:NixOS/nixpkgs/01b6809f7f9d1183a2b3e081f0a1e6f8f415cb09#clang",
      "source": "devbox-search",
      "version": "21.1.2",
      "systems": {
        "aarch64-darwin": {
          "outputs": [
            {
              "name": "out",
              "path": "/nix/store/xbi504848gn164lwzv2x2rclwvjxw7w1-clang-wrapper-21.1.2",
              "default": true
            }
          ],
          "store_path": "/nix/store/xbi504848gn164lwzv2x2rclwvjxw7w1-clang-wrapper-21.1.2"
        },
        "aarch64-linux": {
          "outputs": [
            {
              "name": "out",
              "path": "/nix/store/9vygb66ix1yzlk9c7fa5lb0zlvf556by-clang-wrapper-21.1.2",
              "default": true
            }
          ],
          "store_path": "/nix/store/9vygb66ix1yzlk9c7fa5lb0zlvf556by-clang-wrapper-21.1.2"
        },
        "x86_64-darwin": {
          "outputs": [
            {
              "name": "out",
              "path": "/nix/store/kihcn1ppp1bi8gv7hncwkaalyjx3lzdz-clang-wrapper-21.1.2",
              "default": true
            }
          ],
          "store_path": "/nix/store/kihcn1ppp1bi8gv7hncwkaalyjx3lzdz-clang-wrapper-21.1.2"
        },
        "x86_64-linux": {
          "outputs": [
            {
              "name": "out",
              "path": "/nix/store/al7l1c2nwk9c9cicp3l7jfjxi1vilp93-clang-wrapper-21.1.2",
              "default": true
            }
          ],
          "store_path": "/nix/store/al7l1c2nwk9c9cicp3l7jfjxi1vilp93-clang-wrapper-21.1.2"
        }
      }
    },
    "cli11@latest": {
      "last_modified": "2025-10-22T20:59:19Z",
      "resolved": "github:NixOS/nixpkgs/01b6809f7f9d1183a2b3e081f0a1e6f8f415cb09#cli11",
      "source": "devbox-search",
      "version": "2.5.0",
      "systems": {
        "aarch64-darwin": {
          "outputs": [
            {
              "name": "out",
              "path": "/nix/store/pjd6pfwmxbr8qp2l5bjflmdczxwkwph8-cli11-2.5.0",
              "default": true
            }
          ],
          "store_path": "/nix/store/pjd6pfwmxbr8qp2l5bjflmdczxwkwph8-cli11-2.5.0"
        },
        "aarch64-linux": {
          "outputs": [
            {
              "name": "out",
              "path": "/nix/store/rvnm24d74vqb1l39dq0ly4pr05yg7djw-cli11-2.5.0",
              "default": true
            }
          ],
          "store_path": "/nix/store/rvnm24d74vqb1l39dq0ly4pr05yg7djw-cli11-2.5.0"
        },
        "x86_64-darwin": {
          "outputs": [
            {
              "name": "out",
              "path": "/nix/store/01havylhsdcp6g7pjab1vxq8vjc0kgv5-cli11-2.5.0",
              "default": true
            }
          ],
          "store_path": "/nix/store/01havylhsdcp6g7pjab1vxq8vjc0kgv5-cli11-2.5.0"
        },
        "x86_64-linux": {
          "outputs": [
            {
              "name": "out",
              "path": "/nix/store/fkwhwbznd8ylcwvw32pai00xc053jzb0-cli11-2.5.0",
              "default": true
            }
          ],
          "store_path": "/nix/store/fkwhwbznd8ylcwvw32pai00xc053jzb0-cli11-2.5.0"
        }
      }
    },
    "cmake@latest": {
      "last_modified": "2025-10-22T20:59:19Z",
      "resolved": "github:NixOS/nixpkgs/01b6809f7f9d1183a2b3e081f0a1e6f8f415cb09#cmake",
      "source": "devbox-search",
      "version": "4.1.2",
      "systems": {
        "aarch64-darwin": {
          "outputs": [
            {
              "name": "out",
              "path": "/nix/store/g1ck4iddb7q6f5qm8pa3qqss6dp3gjlm-cmake-4.1.2",
              "default": true
            }
          ],
          "store_path": "/nix/store/g1ck4iddb7q6f5qm8pa3qqss6dp3gjlm-cmake-4.1.2"
        },
        "aarch64-linux": {
          "outputs": [
            {
              "name": "out",
              "path": "/nix/store/wwxllnq886443diryrcxkca6b6cmn7f7-cmake-4.1.2",
              "default": true
            },
            {
              "name": "debug",
              "path": "/nix/store/7h913kgsf5mqba39r2a2npbd9fwcs5q3-cmake-4.1.2-debug"
            }
          ],
          "store_path": "/nix/store/wwxllnq886443diryrcxkca6b6cmn7f7-cmake-4.1.2"
        },
        "x86_64-darwin": {
          "outputs": [
            {
              "name": "out",
              "path": "/nix/store/06i0k56x3asszhsgwjrc1rngq0h163mx-cmake-4.1.2",
              "default": true
            }
          ],
          "store_path": "/nix/store/06i0k56x3asszhsgwjrc1rngq0h163mx-cmake-4.1.2"
        },
        "x86_64-linux": {
          "outputs": [
            {
              "name": "out",
              "path": "/nix/store/5bn5f4ivqf4xn19khh4kcg4ngnjs6spg-cmake-4.1.2",
              "default": true
            },
            {
              "name": "debug",
              "path": "/nix/store/6xgz1k0maw0pf5jmnrpfrir9zzk9bxmj-cmake-4.1.2-debug"
            }
          ],
          "store_path": "/nix/store/5bn5f4ivqf4xn19khh4kcg4ngnjs6spg-cmake-4.1.2"
        }
      }
    },
    "cppzmq@latest": {
      "last_modified": "2025-10-22T20:59:19Z",
      "resolved": "github:NixOS/nixpkgs/01b6809f7f9d1183a2b3e081f0a1e6f8f415cb09#cppzmq",
      "source": "devbox-search",
      "version": "4.11.0",
      "systems": {
        "aarch64-darwin": {
          "outputs": [
            {
              "name": "out",
              "path": "/nix/store/292l0vibp7im9m9vhp080xdswj80wq2z-cppzmq-4.11.0",
              "default": true
            }
          ],
          "store_path": "/nix/store/292l0vibp7im9m9vhp080xdswj80wq2z-cppzmq-4.11.0"
        },
        "aarch64-linux": {
          "outputs": [
            {
              "name": "out",
              "path": "/nix/store/mvl5a6m05qxgyi1ma46la5y0ksjd8dgc-cppzmq-4.11.0",
              "default": true
            }
          ],
          "store_path": "/nix/store/mvl5a6m05qxgyi1ma46la5y0ksjd8dgc-cppzmq-4.11.0"
        },
        "x86_64-darwin": {
          "outputs": [
            {
              "name": "out",
              "path": "/nix/store/01iv3cgplai7qjxsv0b7psfvhk5fn2fz-cppzmq-4.11.0",
              "default": true
            }
          ],
          "store_path": "/nix/store/01iv3cgplai7qjxsv0b7psfvhk5fn2fz-cppzmq-4.11.0"
        },
        "x86_64-linux": {
          "outputs": [
            {
              "name": "out",
              "path": "/nix/store/cjcysg4bg3yxdf9lqv79sxz94bhfq5fg-cppzmq-4.11.0",
              "default": true
            }
          ],
          "store_path": "/nix/store/cjcysg4bg3yxdf9lqv79sxz94bhfq5fg-cppzmq-4.11.0"
        }
      }
    },
    "fmt.dev": {
      "resolved": "github:NixOS/nixpkgs/ceb24d94c6feaa4e8737a8e2bd3cf71c3a7eaaa0?narHash=sha256-lIlUKVGCGsh0Q2EA7%2F6xRtKUZjaQ%2Fur8uUyY%2BMynHXQ%3D#fmt.dev",
      "source": "nixpkg",
      "systems": {
        "x86_64-linux": {
          "outputs": [
            {
              "name": "dev",
              "path": "/nix/store/g7i4dsnb482z7crvykg8n6danr5w4bc4-fmt-10.2.1-dev",
              "default": true
            }
          ]
        }
      }
    },
    "fmt@latest": {
      "last_modified": "2025-10-22T20:59:19Z",
      "resolved": "github:NixOS/nixpkgs/01b6809f7f9d1183a2b3e081f0a1e6f8f415cb09#fmt",
      "source": "devbox-search",
      "version": "11.2.0",
      "systems": {
        "aarch64-darwin": {
          "outputs": [
            {
              "name": "out",
              "path": "/nix/store/phpnrpwnsw0p581nmis74ryhy9awmrif-fmt-11.2.0",
              "default": true
            },
            {
              "name": "dev",
              "path": "/nix/store/1qm2iah6dvd70q347rh8y86by8fzarmk-fmt-11.2.0-dev"
            }
          ],
          "store_path": "/nix/store/phpnrpwnsw0p581nmis74ryhy9awmrif-fmt-11.2.0"
        },
        "aarch64-linux": {
          "outputs": [
            {
              "name": "out",
              "path": "/nix/store/6iwmc2v8bwx4pf4xja52s3ky0bdp34v0-fmt-11.2.0",
              "default": true
            },
            {
              "name": "dev",
              "path": "/nix/store/lq38i8q3bld9gi07v4nyg6sf04gycjld-fmt-11.2.0-dev"
            }
          ],
          "store_path": "/nix/store/6iwmc2v8bwx4pf4xja52s3ky0bdp34v0-fmt-11.2.0"
        },
        "x86_64-darwin": {
          "outputs": [
            {
              "name": "out",
              "path": "/nix/store/ygcsd1y16vj2m1aqn0mv1pvb1pikpwvl-fmt-11.2.0",
              "default": true
            },
            {
              "name": "dev",
              "path": "/nix/store/pnhvc9av0b7mby570mx7ns6hvh0j0j3y-fmt-11.2.0-dev"
            }
          ],
          "store_path": "/nix/store/ygcsd1y16vj2m1aqn0mv1pvb1pikpwvl-fmt-11.2.0"
        },
        "x86_64-linux": {
          "outputs": [
            {
              "name": "out",
              "path": "/nix/store/s18i02izmc2khnaypapp1hgka1577w7r-fmt-11.2.0",
              "default": true
            },
            {
              "name": "dev",
              "path": "/nix/store/nr3dh0ss4xgqb4nzmfjk2zf3pjl3gcl9-fmt-11.2.0-dev"
            }
          ],
          "store_path": "/nix/store/s18i02izmc2khnaypapp1hgka1577w7r-fmt-11.2.0"
        }
      }
    },
    "gcc.cc.lib": {
      "resolved": "github:NixOS/nixpkgs/ceb24d94c6feaa4e8737a8e2bd3cf71c3a7eaaa0?narHash=sha256-lIlUKVGCGsh0Q2EA7%2F6xRtKUZjaQ%2Fur8uUyY%2BMynHXQ%3D#gcc.cc.lib",
      "source": "nixpkg",
      "systems": {
        "x86_64-linux": {
          "outputs": [
            {
              "name": "lib",
              "path": "/nix/store/l7d6vwajpfvgsd3j4cr25imd1mzb7d1d-gcc-14.3.0-lib",
              "default": true
            }
          ]
        }
      }
    },
    "gcc@13.3": {
      "last_modified": "2024-12-03T12:40:06Z",
      "resolved": "github:NixOS/nixpkgs/566e53c2ad750c84f6d31f9ccb9d00f823165550#gcc",
      "source": "devbox-search",
      "version": "13.3.0",
      "systems": {
        "aarch64-darwin": {
          "outputs": [
            {
              "name": "out",
              "path": "/nix/store/3hq83bgy41m9xpifm3hknjf96v75sg33-gcc-wrapper-13.3.0",
              "default": true
            },
            {
              "name": "man",
              "path": "/nix/store/ncrvhf5cml7cpi34ah1fvpablyk9j3jf-gcc-wrapper-13.3.0-man",
              "default": true
            },
            {
              "name": "info",
              "path": "/nix/store/95lwddr3xhz110pyjkg9i7zczbi32bjb-gcc-wrapper-13.3.0-info"
            }
          ],
          "store_path": "/nix/store/3hq83bgy41m9xpifm3hknjf96v75sg33-gcc-wrapper-13.3.0"
        },
        "aarch64-linux": {
          "outputs": [
            {
              "name": "out",
              "path": "/nix/store/ay4xxbjafns12mn2ilhz4y7d3m3ziwqg-gcc-wrapper-13.3.0",
              "default": true
            },
            {
              "name": "man",
              "path": "/nix/store/5y6fmjxpv2xc7zhvn02w4ikg1n1rgm0d-gcc-wrapper-13.3.0-man",
              "default": true
            },
            {
              "name": "info",
              "path": "/nix/store/b0b2h9n97bpwrdxnazh70nlv0knlpd7s-gcc-wrapper-13.3.0-info"
            }
          ],
          "store_path": "/nix/store/ay4xxbjafns12mn2ilhz4y7d3m3ziwqg-gcc-wrapper-13.3.0"
        },
        "x86_64-darwin": {
          "outputs": [
            {
              "name": "out",
              "path": "/nix/store/hjrymxy8p9fkcqzdi4qd6qcvy9fdkcn1-gcc-wrapper-13.3.0",
              "default": true
            },
            {
              "name": "man",
              "path": "/nix/store/156gcfrrmschaslcc4vbblmg86wcv1wb-gcc-wrapper-13.3.0-man",
              "default": true
            },
            {
              "name": "info",
              "path": "/nix/store/9msszmhia74i4x5bcz8w5pnqnyj0r563-gcc-wrapper-13.3.0-info"
            }
          ],
          "store_path": "/nix/store/hjrymxy8p9fkcqzdi4qd6qcvy9fdkcn1-gcc-wrapper-13.3.0"
        },
        "x86_64-linux": {
          "outputs": [
            {
              "name": "out",
              "path": "/nix/store/4apajimszc47rxwcpvc3g3rj2icinl71-gcc-wrapper-13.3.0",
              "default": true
            },
            {
              "name": "man",
              "path": "/nix/store/g6dl0niwffyhk1l59r4zxv94fklx7ijg-gcc-wrapper-13.3.0-man",
              "default": true
            },
            {
              "name": "info",
              "path": "/nix/store/nhjmrmkzyqsff9maxrl0pskqbizpqikz-gcc-wrapper-13.3.0-info"
            }
          ],
          "store_path": "/nix/store/4apajimszc47rxwcpvc3g3rj2icinl71-gcc-wrapper-13.3.0"
        }
      }
    },
    "github:NixOS/nixpkgs/nixpkgs-unstable": {
      "last_modified": "2025-11-04T19:54:02Z",
      "resolved": "github:NixOS/nixpkgs/12c1f0253aa9a54fdf8ec8aecaafada64a111e24?lastModified=1762286042&narHash=sha256-OD5HsZ%2BsN7VvNucbrjiCz7CHF5zf9gP51YVJvPwYIH8%3D"
    },
    "libsodium@latest": {
      "last_modified": "2025-10-30T18:40:41Z",
      "resolved": "github:NixOS/nixpkgs/45ebaee5d90bab997812235564af4cf5107bde89#libsodium",
      "source": "devbox-search",
      "version": "1.0.20",
      "systems": {
        "aarch64-darwin": {
          "outputs": [
            {
              "name": "out",
              "path": "/nix/store/c7fris1kd0s2kk26b6bqcv961gyhmgi1-libsodium-1.0.20",
              "default": true
            },
            {
              "name": "dev",
              "path": "/nix/store/9igmb7g0jk0jqvf02ghw1692rm72hq5z-libsodium-1.0.20-dev"
            }
          ],
          "store_path": "/nix/store/c7fris1kd0s2kk26b6bqcv961gyhmgi1-libsodium-1.0.20"
        },
        "aarch64-linux": {
          "outputs": [
            {
              "name": "out",
              "path": "/nix/store/qpq1c1cl5s7mqnbjbpbbhknb32xvg11g-libsodium-1.0.20",
              "default": true
            },
            {
              "name": "debug",
              "path": "/nix/store/x954dmvpmmk9bvkl8bywh9c9sm9jzv08-libsodium-1.0.20-debug"
            },
            {
              "name": "dev",
              "path": "/nix/store/syn22gzx2k6kznjpwgawfpazlii0w38s-libsodium-1.0.20-dev"
            }
          ],
          "store_path": "/nix/store/qpq1c1cl5s7mqnbjbpbbhknb32xvg11g-libsodium-1.0.20"
        },
        "x86_64-darwin": {
          "outputs": [
            {
              "name": "out",
              "path": "/nix/store/c9h4shd737lhzr0q6hkiz2ycqc0i87rq-libsodium-1.0.20",
              "default": true
            },
            {
              "name": "dev",
              "path": "/nix/store/lrgjcdahyqr9yvxvslrjlifxvpgn9hv9-libsodium-1.0.20-dev"
            }
          ],
          "store_path": "/nix/store/c9h4shd737lhzr0q6hkiz2ycqc0i87rq-libsodium-1.0.20"
        },
        "x86_64-linux": {
          "outputs": [
            {
              "name": "out",
              "path": "/nix/store/i74fk40miw9py84pqilsrr2awwrd091k-libsodium-1.0.20",
              "default": true
            },
            {
              "name": "debug",
              "path": "/nix/store/77x544ynbs47ahfb4gywi2q1q63n4baf-libsodium-1.0.20-debug"
            },
            {
              "name": "dev",
              "path": "/nix/store/j7grhvsgxqgmr0bzf8grpn29a998qp4p-libsodium-1.0.20-dev"
            }
          ],
          "store_path": "/nix/store/i74fk40miw9py84pqilsrr2awwrd091k-libsodium-1.0.20"
        }
      }
    },
    "rerun@latest": {
      "last_modified": "2025-10-28T12:57:11Z",
      "resolved": "github:NixOS/nixpkgs/e99366c665bdd53b7b500ccdc5226675cfc51f45#rerun",
      "source": "devbox-search",
      "version": "0.26.2",
      "systems": {
        "aarch64-darwin": {
          "outputs": [
            {
              "name": "out",
              "path": "/nix/store/6apy1lsb9svixcskg0jkbkhl5mdn6lrl-rerun-0.26.2",
              "default": true
            }
          ],
          "store_path": "/nix/store/6apy1lsb9svixcskg0jkbkhl5mdn6lrl-rerun-0.26.2"
        },
        "aarch64-linux": {
          "outputs": [
            {
              "name": "out",
              "path": "/nix/store/4b5gsr87snifi3sz1vz13af32rfzdy0k-rerun-0.26.2",
              "default": true
            }
          ],
          "store_path": "/nix/store/4b5gsr87snifi3sz1vz13af32rfzdy0k-rerun-0.26.2"
        },
        "x86_64-darwin": {
          "outputs": [
            {
              "name": "out",
              "path": "/nix/store/ya2hn5m2zawkl9dwhmsicwmbmp9p03mr-rerun-0.26.2",
              "default": true
            }
          ],
          "store_path": "/nix/store/ya2hn5m2zawkl9dwhmsicwmbmp9p03mr-rerun-0.26.2"
        },
        "x86_64-linux": {
          "outputs": [
            {
              "name": "out",
              "path": "/nix/store/1nhci159mdg2kzg53ifawjaj8vw162rc-rerun-0.26.2",
              "default": true
            }
          ],
          "store_path": "/nix/store/1nhci159mdg2kzg53ifawjaj8vw162rc-rerun-0.26.2"
        }
      }
    },
    "spdlog.dev": {
      "resolved": "github:NixOS/nixpkgs/ceb24d94c6feaa4e8737a8e2bd3cf71c3a7eaaa0?narHash=sha256-lIlUKVGCGsh0Q2EA7%2F6xRtKUZjaQ%2Fur8uUyY%2BMynHXQ%3D#spdlog.dev",
      "source": "nixpkg",
      "systems": {
        "x86_64-linux": {
          "outputs": [
            {
              "name": "dev",
              "path": "/nix/store/w3n97373d2qxiy6pda1xf73lnb5s0qfr-spdlog-1.15.2-dev",
              "default": true
            }
          ]
        }
      }
    },
    "spdlog@latest": {
      "last_modified": "2025-11-03T07:53:02Z",
      "resolved": "github:NixOS/nixpkgs/7241bcbb4f099a66aafca120d37c65e8dda32717#spdlog",
      "source": "devbox-search",
      "version": "1.15.3",
      "systems": {
        "aarch64-darwin": {
          "outputs": [
            {
              "name": "out",
              "path": "/nix/store/c5cvyq8wdd5xf0gmd9r8kww26f7s41mw-spdlog-1.15.3",
              "default": true
            },
            {
              "name": "dev",
              "path": "/nix/store/07mky056gixpx2pv7xdg3ma6ankwcgx9-spdlog-1.15.3-dev"
            },
            {
              "name": "doc",
              "path": "/nix/store/fz8f5anjs4671ambk8d3077y8vfx282s-spdlog-1.15.3-doc"
            }
          ],
          "store_path": "/nix/store/c5cvyq8wdd5xf0gmd9r8kww26f7s41mw-spdlog-1.15.3"
        },
        "aarch64-linux": {
          "outputs": [
            {
              "name": "out",
              "path": "/nix/store/06ja02vp1ddc8skbhfh09akbajn9gxrl-spdlog-1.15.3",
              "default": true
            },
            {
              "name": "dev",
              "path": "/nix/store/gy0jyr8ggl67553wxvi5si02h1495cxr-spdlog-1.15.3-dev"
            },
            {
              "name": "doc",
              "path": "/nix/store/s5nyzi3780b9vav3fsblghxjbk4as4di-spdlog-1.15.3-doc"
            }
          ],
          "store_path": "/nix/store/06ja02vp1ddc8skbhfh09akbajn9gxrl-spdlog-1.15.3"
        },
        "x86_64-darwin": {
          "outputs": [
            {
              "name": "out",
              "path": "/nix/store/yf9wb3f9zss4nzidh97hxz321kcdmv8g-spdlog-1.15.3",
              "default": true
            },
            {
              "name": "dev",
              "path": "/nix/store/zq99b05yyrqilgrbkplmm6rr96b3b7p4-spdlog-1.15.3-dev"
            },
            {
              "name": "doc",
              "path": "/nix/store/7703iznvq4c85gwj4aiziq1q7syq7jkb-spdlog-1.15.3-doc"
            }
          ],
          "store_path": "/nix/store/yf9wb3f9zss4nzidh97hxz321kcdmv8g-spdlog-1.15.3"
        },
        "x86_64-linux": {
          "outputs": [
            {
              "name": "out",
              "path": "/nix/store/fv3p2qwlrfmwnr6msgr1ypsmqgwyw3il-spdlog-1.15.3",
              "default": true
            },
            {
              "name": "dev",
              "path": "/nix/store/p6r8hsgnlc1z14inj5ga7h28x7y5wzmg-spdlog-1.15.3-dev"
            },
            {
              "name": "doc",
              "path": "/nix/store/gf7manys5a4g2m8izrl0w44pgfdzdq9l-spdlog-1.15.3-doc"
            }
          ],
          "store_path": "/nix/store/fv3p2qwlrfmwnr6msgr1ypsmqgwyw3il-spdlog-1.15.3"
        }
      }
    },
    "stdenv@latest": {
      "last_modified": "2023-02-24T09:01:09Z",
      "resolved": "github:NixOS/nixpkgs/7d0ed7f2e5aea07ab22ccb338d27fbe347ed2f11#stdenv",
      "source": "devbox-search",
      "systems": {
        "x86_64-linux": {
          "outputs": [
            {
              "path": "/nix/store/b09v23lirgvci3wzszh22mbkdfj0h0yq-stdenv-linux",
              "default": true
            }
          ]
        }
      }
    },
    "tbb.dev": {
      "resolved": "github:NixOS/nixpkgs/ceb24d94c6feaa4e8737a8e2bd3cf71c3a7eaaa0?narHash=sha256-lIlUKVGCGsh0Q2EA7%2F6xRtKUZjaQ%2Fur8uUyY%2BMynHXQ%3D#tbb.dev",
      "source": "nixpkg",
      "systems": {
        "x86_64-linux": {
          "outputs": [
            {
              "name": "dev",
              "path": "/nix/store/41ivzwz0rw1xz48z0qdm913caqr5nf86-tbb-2020.3.3-dev",
              "default": true
            }
          ]
        }
      }
    },
    "tbb@latest": {
      "last_modified": "2025-09-18T16:33:27Z",
      "resolved": "github:NixOS/nixpkgs/f4b140d5b253f5e2a1ff4e5506edbf8267724bde#tbb",
      "source": "devbox-search",
      "version": "2020.3.3",
      "systems": {
        "aarch64-darwin": {
          "outputs": [
            {
              "name": "out",
              "path": "/nix/store/93fhzpbmbbgvpc1f6b0jfh0h0l78sk5a-tbb-2020.3.3",
              "default": true
            },
            {
              "name": "dev",
              "path": "/nix/store/bjramyms6ki0vprqlv78fq1kbk24an0w-tbb-2020.3.3-dev"
            }
          ],
          "store_path": "/nix/store/93fhzpbmbbgvpc1f6b0jfh0h0l78sk5a-tbb-2020.3.3"
        },
        "aarch64-linux": {
          "outputs": [
            {
              "name": "out",
              "path": "/nix/store/dnyw7am5dc1rfqz0zwjymx7y8l9mfclg-tbb-2020.3.3",
              "default": true
            },
            {
              "name": "dev",
              "path": "/nix/store/m1sx3px6hl3xwjg6c2w7yrrnm0gf4xra-tbb-2020.3.3-dev"
            }
          ],
          "store_path": "/nix/store/dnyw7am5dc1rfqz0zwjymx7y8l9mfclg-tbb-2020.3.3"
        },
        "x86_64-darwin": {
          "outputs": [
            {
              "name": "out",
              "path": "/nix/store/m744yza5nvbn0m0lby3npkkjk91140w4-tbb-2020.3.3",
              "default": true
            },
            {
              "name": "dev",
              "path": "/nix/store/bskcrpha69q53hizd5i3pqb22vgks42r-tbb-2020.3.3-dev"
            }
          ],
          "store_path": "/nix/store/m744yza5nvbn0m0lby3npkkjk91140w4-tbb-2020.3.3"
        },
        "x86_64-linux": {
          "outputs": [
            {
              "name": "out",
              "path": "/nix/store/26q4j2d947bl56za1zz498a0b6g9h8ji-tbb-2020.3.3",
              "default": true
            },
            {
              "name": "dev",
              "path": "/nix/store/gmmir8s344x0gh0dmsrbc1k86avr9b1b-tbb-2020.3.3-dev"
            }
          ],
          "store_path": "/nix/store/26q4j2d947bl56za1zz498a0b6g9h8ji-tbb-2020.3.3"
        }
      }
    },
    "zeromq@latest": {
      "last_modified": "2025-10-22T20:59:19Z",
      "resolved": "github:NixOS/nixpkgs/01b6809f7f9d1183a2b3e081f0a1e6f8f415cb09#zeromq",
      "source": "devbox-search",
      "version": "4.3.5",
      "systems": {
        "aarch64-darwin": {
          "outputs": [
            {
              "name": "out",
              "path": "/nix/store/2r1yqqp805ci995gfii6l7b3jnhbmah9-zeromq-4.3.5",
              "default": true
            }
          ],
          "store_path": "/nix/store/2r1yqqp805ci995gfii6l7b3jnhbmah9-zeromq-4.3.5"
        },
        "aarch64-linux": {
          "outputs": [
            {
              "name": "out",
              "path": "/nix/store/rg7by6wnwrnh1s1b8n463pv6f7rk6gfi-zeromq-4.3.5",
              "default": true
            }
          ],
          "store_path": "/nix/store/rg7by6wnwrnh1s1b8n463pv6f7rk6gfi-zeromq-4.3.5"
        },
        "x86_64-darwin": {
          "outputs": [
            {
              "name": "out",
              "path": "/nix/store/b8ywznyq0206ysr1bsqbdm9143zrpp0c-zeromq-4.3.5",
              "default": true
            }
          ],
          "store_path": "/nix/store/b8ywznyq0206ysr1bsqbdm9143zrpp0c-zeromq-4.3.5"
        },
        "x86_64-linux": {
          "outputs": [
            {
              "name": "out",
              "path": "/nix/store/59af804jvzilcrjg4il5ry4jhxw0klv6-zeromq-4.3.5",
              "default": true
            }
          ],
          "store_path": "/nix/store/59af804jvzilcrjg4il5ry4jhxw0klv6-zeromq-4.3.5"
        }
      }
    }
  }
}
